
Microsoft Visual Studio Solution File, Format Version 12.00
# Visual Studio Version 16
VisualStudioVersion = 16.0.30104.148
MinimumVisualStudioVersion = 10.0.40219.1
Project("{FAE04EC0-301F-11D3-BF4B-00C04F79EFBC}") = "Sol_UI", "Sol_UI\Sol_UI.csproj", "{9A6769A7-81F5-465A-92FF-A94445366E8F}"
EndProject
Project("{FAE04EC0-301F-11D3-BF4B-00C04F79EFBC}") = "Sol_BlazorComp", "Sol_BlazorComp\Sol_BlazorComp.csproj", "{A70FC6A2-4C58-4C7C-8E29-E9DD0D1BF74B}"
EndProject
Global
	GlobalSection(SolutionConfigurationPlatforms) = preSolution
		Debug|Any CPU = Debug|Any CPU
		Release|Any CPU = Release|Any CPU
	EndGlobalSection
	GlobalSection(ProjectConfigurationPlatforms) = postSolution
		{9A6769A7-81F5-465A-92FF-A94445366E8F}.Debug|Any CPU.ActiveCfg = Debug|Any CPU
		{9A6769A7-81F5-465A-92FF-A94445366E8F}.Debug|Any CPU.Build.0 = Debug|Any CPU
		{9A6769A7-81F5-465A-92FF-A94445366E8F}.Release|Any CPU.ActiveCfg = Release|Any CPU
		{9A6769A7-81F5-465A-92FF-A94445366E8F}.Release|Any CPU.Build.0 = Release|Any CPU
		{A70FC6A2-4C58-4C7C-8E29-E9DD0D1BF74B}.Debug|Any CPU.ActiveCfg = Debug|Any CPU
		{A70FC6A2-4C58-4C7C-8E29-E9DD0D1BF74B}.Debug|Any CPU.Build.0 = Debug|Any CPU
		{A70FC6A2-4C58-4C7C-8E29-E9DD0D1BF74B}.Release|Any CPU.ActiveCfg = Release|Any CPU
		{A70FC6A2-4C58-4C7C-8E29-E9DD0D1BF74B}.Release|Any CPU.Build.0 = Release|Any CPU
	EndGlobalSection
	GlobalSection(SolutionProperties) = preSolution
		HideSolutionNode = FALSE
	EndGlobalSection
	GlobalSection(ExtensibilityGlobals) = postSolution
		SolutionGuid = {960C0977-DB96-4290-A02E-BC4A8619ED95}
	EndGlobalSection
EndGlobal
